
Microsoft Visual Studio Solution File, Format Version 12.00
# Visual Studio Version 16
VisualStudioVersion = 16.0.30406.217
MinimumVisualStudioVersion = 10.0.40219.1
Project("{FAE04EC0-301F-11D3-BF4B-00C04F79EFBC}") = "TokanPages.Backend.Core", "TokanPages.Backend\TokanPages.Backend.Core\TokanPages.Backend.Core.csproj", "{D966F02F-CDCB-4D3E-A2DC-98097D5AEAB3}"
EndProject
Project("{FAE04EC0-301F-11D3-BF4B-00C04F79EFBC}") = "TokanPages.Backend.Application", "TokanPages.Backend\TokanPages.Backend.Application\TokanPages.Backend.Application.csproj", "{6D45524F-F1FA-4A6C-B935-DA94F3B4776A}"
EndProject
Project("{FAE04EC0-301F-11D3-BF4B-00C04F79EFBC}") = "TokanPages.Persistence.Database", "TokanPages.Persistence\TokanPages.Persistence.Database\TokanPages.Persistence.Database.csproj", "{BCDCAD31-2BB6-4BE4-8875-FCE69A30D87D}"
EndProject
Project("{FAE04EC0-301F-11D3-BF4B-00C04F79EFBC}") = "TokanPages.Backend.Domain", "TokanPages.Backend\TokanPages.Backend.Domain\TokanPages.Backend.Domain.csproj", "{F3846CBF-736F-44AC-B8AC-5638C3B02F7C}"
EndProject
Project("{FAE04EC0-301F-11D3-BF4B-00C04F79EFBC}") = "TokanPages.Backend.Shared", "TokanPages.Backend\TokanPages.Backend.Shared\TokanPages.Backend.Shared.csproj", "{1D530EBA-8AFD-4DC3-A4E2-D2D5A1C98F2E}"
EndProject
Project("{FAE04EC0-301F-11D3-BF4B-00C04F79EFBC}") = "TokanPages.Services.AzureStorageService", "TokanPages.Services\TokanPages.Services.AzureStorageService\TokanPages.Services.AzureStorageService.csproj", "{EC20EE58-ED90-419E-84E7-8D298B59CE79}"
EndProject
Project("{FAE04EC0-301F-11D3-BF4B-00C04F79EFBC}") = "TokanPages.Tests.EndToEndTests", "TokanPages.Tests\TokanPages.Tests.EndToEndTests\TokanPages.Tests.EndToEndTests.csproj", "{A32A854C-3D91-4643-8B44-D6E4B92CCBF5}"
EndProject
Project("{FAE04EC0-301F-11D3-BF4B-00C04F79EFBC}") = "TokanPages.Tests.UnitTests", "TokanPages.Tests\TokanPages.Tests.UnitTests\TokanPages.Tests.UnitTests.csproj", "{3A138774-9DA3-40E3-8DA3-50620F0FD310}"
EndProject
Project("{2150E333-8FDC-42A3-9474-1A3956D46DE8}") = "8. WebApi", "8. WebApi", "{32D5033E-6D95-4045-9B90-E8EE7A0644CC}"
EndProject
Project("{2150E333-8FDC-42A3-9474-1A3956D46DE8}") = "5. Backend", "5. Backend", "{B6059425-BCF6-468D-BAF2-450E3E6D6C43}"
EndProject
Project("{2150E333-8FDC-42A3-9474-1A3956D46DE8}") = "9. Tests", "9. Tests", "{B30AF865-7C21-4323-B7E5-14762C5B1DC0}"
EndProject
Project("{2150E333-8FDC-42A3-9474-1A3956D46DE8}") = "7. Services", "7. Services", "{7B457C82-AEA6-49F3-8F9F-A7F0798166FF}"
EndProject
Project("{FAE04EC0-301F-11D3-BF4B-00C04F79EFBC}") = "TokanPages.Services.BehaviourService", "TokanPages.Services\TokanPages.Services.BehaviourService\TokanPages.Services.BehaviourService.csproj", "{0E68D499-C546-42A7-BFF7-9585002DA3A7}"
EndProject
Project("{FAE04EC0-301F-11D3-BF4B-00C04F79EFBC}") = "TokanPages.Services.HttpClientService", "TokanPages.Services\TokanPages.Services.HttpClientService\TokanPages.Services.HttpClientService.csproj", "{0DBE85CF-FC71-4DE1-B026-3BCB2E814C06}"
EndProject
Project("{FAE04EC0-301F-11D3-BF4B-00C04F79EFBC}") = "TokanPages.Services.WebTokenService", "TokanPages.Services\TokanPages.Services.WebTokenService\TokanPages.Services.WebTokenService.csproj", "{4CD10263-BF18-4365-9C0E-C0AE520137B0}"
EndProject
Project("{FAE04EC0-301F-11D3-BF4B-00C04F79EFBC}") = "TokanPages.Services.CipheringService", "TokanPages.Services\TokanPages.Services.CipheringService\TokanPages.Services.CipheringService.csproj", "{A5B8C7EE-02B2-457A-980D-43A8959AC285}"
EndProject
Project("{FAE04EC0-301F-11D3-BF4B-00C04F79EFBC}") = "TokanPages.Services.UserService", "TokanPages.Services\TokanPages.Services.UserService\TokanPages.Services.UserService.csproj", "{4E6E66DD-C624-466E-9DF1-64CD7E8A65C0}"
EndProject
Project("{FAE04EC0-301F-11D3-BF4B-00C04F79EFBC}") = "TokanPages.Services.EmailSenderService", "TokanPages.Services\TokanPages.Services.EmailSenderService\TokanPages.Services.EmailSenderService.csproj", "{2537C6F4-8115-4ECF-816B-0D00207163E5}"
EndProject
Project("{2150E333-8FDC-42A3-9474-1A3956D46DE8}") = "6. Persistence", "6. Persistence", "{49EAB969-487E-44FD-85B1-041D4836A8DC}"
EndProject
Project("{FAE04EC0-301F-11D3-BF4B-00C04F79EFBC}") = "TokanPages.Persistence.Caching", "TokanPages.Persistence\TokanPages.Persistence.Caching\TokanPages.Persistence.Caching.csproj", "{2C3954CF-EB27-45CA-8A22-5A44497BEC36}"
EndProject
Project("{FAE04EC0-301F-11D3-BF4B-00C04F79EFBC}") = "TokanPages.Services.RedisCacheService", "TokanPages.Services\TokanPages.Services.RedisCacheService\TokanPages.Services.RedisCacheService.csproj", "{5252D6C7-6BAF-4FE0-A557-47600A853666}"
EndProject
Project("{FAE04EC0-301F-11D3-BF4B-00C04F79EFBC}") = "TokanPages.Services.WebSocketService", "TokanPages.Services\TokanPages.Services.WebSocketService\TokanPages.Services.WebSocketService.csproj", "{E304E012-54C3-464A-ABEB-87830DF2C592}"
EndProject
Project("{2150E333-8FDC-42A3-9474-1A3956D46DE8}") = "2. Configuration", "2. Configuration", "{B1EAD444-3ADC-407F-AC1F-41032E3FADF6}"
	ProjectSection(SolutionItems) = preProject
		TokanPages.Configuration\appsettings.Production.json = TokanPages.Configuration\appsettings.Production.json
		TokanPages.Configuration\appsettings.Staging.json = TokanPages.Configuration\appsettings.Staging.json
		TokanPages.Configuration\appsettings.Testing.json = TokanPages.Configuration\appsettings.Testing.json
	EndProjectSection
EndProject
Project("{2150E333-8FDC-42A3-9474-1A3956D46DE8}") = "3. Deployment", "3. Deployment", "{A6A91832-D2B6-4665-B081-A349B5B2B16C}"
	ProjectSection(SolutionItems) = preProject
		dev_build_test.yml = .github\workflows\dev_build_test.yml
		stage_build_test_publish.yml = .github\workflows\stage_build_test_publish.yml
		master_build_test_publish.yml = .github\workflows\master_build_test_publish.yml
	EndProjectSection
EndProject
Project("{2150E333-8FDC-42A3-9474-1A3956D46DE8}") = "1. Documentation", "1. Documentation", "{BAA4CC38-6421-46D8-816A-9684E08FABC5}"
	ProjectSection(SolutionItems) = preProject
		README.md = README.md
		CHANGELOG.md = CHANGELOG.md
		LICENSE = LICENSE
	EndProjectSection
EndProject
Project("{2150E333-8FDC-42A3-9474-1A3956D46DE8}") = "4. Docker", "4. Docker", "{44E3FCFF-AF4A-4E91-89E7-F5E4D607611B}"
	ProjectSection(SolutionItems) = preProject
		dockerfile = dockerfile
	EndProjectSection
EndProject
Project("{FAE04EC0-301F-11D3-BF4B-00C04F79EFBC}") = "TokanPages.Persistence.MigrationRunner", "TokanPages.Persistence\TokanPages.Persistence.MigrationRunner\TokanPages.Persistence.MigrationRunner.csproj", "{6FD4A6FE-9A38-45A5-8CD6-DD770D872BE7}"
EndProject
Project("{FAE04EC0-301F-11D3-BF4B-00C04F79EFBC}") = "TokanPages.Backend.Configuration", "TokanPages.Backend\TokanPages.Backend.Configuration\TokanPages.Backend.Configuration.csproj", "{D452CBD5-7967-4A3B-ADD9-77BD37622337}"
EndProject
Project("{FAE04EC0-301F-11D3-BF4B-00C04F79EFBC}") = "TokanPages.Services.AzureBusService", "TokanPages.Services\TokanPages.Services.AzureBusService\TokanPages.Services.AzureBusService.csproj", "{436A9AFE-8F2B-4239-935B-72F550137E25}"
EndProject
Project("{FAE04EC0-301F-11D3-BF4B-00C04F79EFBC}") = "TokanPages.Services.VideoConverterService", "TokanPages.Services\TokanPages.Services.VideoConverterService\TokanPages.Services.VideoConverterService.csproj", "{3782C56D-060E-4D7B-80E7-33A1A4FA1314}"
EndProject
Project("{FAE04EC0-301F-11D3-BF4B-00C04F79EFBC}") = "TokanPages.Services.VideoProcessingService", "TokanPages.Services\TokanPages.Services.VideoProcessingService\TokanPages.Services.VideoProcessingService.csproj", "{DDF1E6CB-AF6A-4745-B914-E6A39C4A2666}"
EndProject
Project("{FAE04EC0-301F-11D3-BF4B-00C04F79EFBC}") = "TokanPages.Gateway", "TokanPages.WebApi\TokanPages.Gateway\TokanPages.Gateway.csproj", "{7DA81A66-1513-40F0-B894-32D092EC3DB0}"
EndProject
Project("{FAE04EC0-301F-11D3-BF4B-00C04F79EFBC}") = "TokanPages.Gateway.Dto", "TokanPages.WebApi\TokanPages.Gateway.Dto\TokanPages.Gateway.Dto.csproj", "{A7B2C667-D0C8-4161-A665-1801D672B508}"
EndProject
Project("{FAE04EC0-301F-11D3-BF4B-00C04F79EFBC}") = "TokanPages.HostedServices", "TokanPages.WebApi\TokanPages.HostedServices\TokanPages.HostedServices.csproj", "{6E68F314-C3DA-4BDB-AD77-42EE2638CA9F}"
EndProject
Global
	GlobalSection(SolutionConfigurationPlatforms) = preSolution
		Debug|Any CPU = Debug|Any CPU
		Release|Any CPU = Release|Any CPU
	EndGlobalSection
	GlobalSection(ProjectConfigurationPlatforms) = postSolution
		{D966F02F-CDCB-4D3E-A2DC-98097D5AEAB3}.Debug|Any CPU.ActiveCfg = Debug|Any CPU
		{D966F02F-CDCB-4D3E-A2DC-98097D5AEAB3}.Debug|Any CPU.Build.0 = Debug|Any CPU
		{D966F02F-CDCB-4D3E-A2DC-98097D5AEAB3}.Release|Any CPU.ActiveCfg = Release|Any CPU
		{D966F02F-CDCB-4D3E-A2DC-98097D5AEAB3}.Release|Any CPU.Build.0 = Release|Any CPU
		{6D45524F-F1FA-4A6C-B935-DA94F3B4776A}.Debug|Any CPU.ActiveCfg = Debug|Any CPU
		{6D45524F-F1FA-4A6C-B935-DA94F3B4776A}.Debug|Any CPU.Build.0 = Debug|Any CPU
		{6D45524F-F1FA-4A6C-B935-DA94F3B4776A}.Release|Any CPU.ActiveCfg = Release|Any CPU
		{6D45524F-F1FA-4A6C-B935-DA94F3B4776A}.Release|Any CPU.Build.0 = Release|Any CPU
		{BCDCAD31-2BB6-4BE4-8875-FCE69A30D87D}.Debug|Any CPU.ActiveCfg = Debug|Any CPU
		{BCDCAD31-2BB6-4BE4-8875-FCE69A30D87D}.Debug|Any CPU.Build.0 = Debug|Any CPU
		{BCDCAD31-2BB6-4BE4-8875-FCE69A30D87D}.Release|Any CPU.ActiveCfg = Release|Any CPU
		{BCDCAD31-2BB6-4BE4-8875-FCE69A30D87D}.Release|Any CPU.Build.0 = Release|Any CPU
		{F3846CBF-736F-44AC-B8AC-5638C3B02F7C}.Debug|Any CPU.ActiveCfg = Debug|Any CPU
		{F3846CBF-736F-44AC-B8AC-5638C3B02F7C}.Debug|Any CPU.Build.0 = Debug|Any CPU
		{F3846CBF-736F-44AC-B8AC-5638C3B02F7C}.Release|Any CPU.ActiveCfg = Release|Any CPU
		{F3846CBF-736F-44AC-B8AC-5638C3B02F7C}.Release|Any CPU.Build.0 = Release|Any CPU
		{1D530EBA-8AFD-4DC3-A4E2-D2D5A1C98F2E}.Debug|Any CPU.ActiveCfg = Debug|Any CPU
		{1D530EBA-8AFD-4DC3-A4E2-D2D5A1C98F2E}.Debug|Any CPU.Build.0 = Debug|Any CPU
		{1D530EBA-8AFD-4DC3-A4E2-D2D5A1C98F2E}.Release|Any CPU.ActiveCfg = Release|Any CPU
		{1D530EBA-8AFD-4DC3-A4E2-D2D5A1C98F2E}.Release|Any CPU.Build.0 = Release|Any CPU
		{EC20EE58-ED90-419E-84E7-8D298B59CE79}.Debug|Any CPU.ActiveCfg = Debug|Any CPU
		{EC20EE58-ED90-419E-84E7-8D298B59CE79}.Debug|Any CPU.Build.0 = Debug|Any CPU
		{EC20EE58-ED90-419E-84E7-8D298B59CE79}.Release|Any CPU.ActiveCfg = Release|Any CPU
		{EC20EE58-ED90-419E-84E7-8D298B59CE79}.Release|Any CPU.Build.0 = Release|Any CPU
		{A32A854C-3D91-4643-8B44-D6E4B92CCBF5}.Debug|Any CPU.ActiveCfg = Debug|Any CPU
		{A32A854C-3D91-4643-8B44-D6E4B92CCBF5}.Debug|Any CPU.Build.0 = Debug|Any CPU
		{A32A854C-3D91-4643-8B44-D6E4B92CCBF5}.Release|Any CPU.ActiveCfg = Release|Any CPU
		{A32A854C-3D91-4643-8B44-D6E4B92CCBF5}.Release|Any CPU.Build.0 = Release|Any CPU
		{3A138774-9DA3-40E3-8DA3-50620F0FD310}.Debug|Any CPU.ActiveCfg = Debug|Any CPU
		{3A138774-9DA3-40E3-8DA3-50620F0FD310}.Debug|Any CPU.Build.0 = Debug|Any CPU
		{3A138774-9DA3-40E3-8DA3-50620F0FD310}.Release|Any CPU.ActiveCfg = Release|Any CPU
		{3A138774-9DA3-40E3-8DA3-50620F0FD310}.Release|Any CPU.Build.0 = Release|Any CPU
		{0E68D499-C546-42A7-BFF7-9585002DA3A7}.Debug|Any CPU.ActiveCfg = Debug|Any CPU
		{0E68D499-C546-42A7-BFF7-9585002DA3A7}.Debug|Any CPU.Build.0 = Debug|Any CPU
		{0E68D499-C546-42A7-BFF7-9585002DA3A7}.Release|Any CPU.ActiveCfg = Release|Any CPU
		{0E68D499-C546-42A7-BFF7-9585002DA3A7}.Release|Any CPU.Build.0 = Release|Any CPU
		{0DBE85CF-FC71-4DE1-B026-3BCB2E814C06}.Debug|Any CPU.ActiveCfg = Debug|Any CPU
		{0DBE85CF-FC71-4DE1-B026-3BCB2E814C06}.Debug|Any CPU.Build.0 = Debug|Any CPU
		{0DBE85CF-FC71-4DE1-B026-3BCB2E814C06}.Release|Any CPU.ActiveCfg = Release|Any CPU
		{0DBE85CF-FC71-4DE1-B026-3BCB2E814C06}.Release|Any CPU.Build.0 = Release|Any CPU
		{4CD10263-BF18-4365-9C0E-C0AE520137B0}.Debug|Any CPU.ActiveCfg = Debug|Any CPU
		{4CD10263-BF18-4365-9C0E-C0AE520137B0}.Debug|Any CPU.Build.0 = Debug|Any CPU
		{4CD10263-BF18-4365-9C0E-C0AE520137B0}.Release|Any CPU.ActiveCfg = Release|Any CPU
		{4CD10263-BF18-4365-9C0E-C0AE520137B0}.Release|Any CPU.Build.0 = Release|Any CPU
		{A5B8C7EE-02B2-457A-980D-43A8959AC285}.Debug|Any CPU.ActiveCfg = Debug|Any CPU
		{A5B8C7EE-02B2-457A-980D-43A8959AC285}.Debug|Any CPU.Build.0 = Debug|Any CPU
		{A5B8C7EE-02B2-457A-980D-43A8959AC285}.Release|Any CPU.ActiveCfg = Release|Any CPU
		{A5B8C7EE-02B2-457A-980D-43A8959AC285}.Release|Any CPU.Build.0 = Release|Any CPU
		{4E6E66DD-C624-466E-9DF1-64CD7E8A65C0}.Debug|Any CPU.ActiveCfg = Debug|Any CPU
		{4E6E66DD-C624-466E-9DF1-64CD7E8A65C0}.Debug|Any CPU.Build.0 = Debug|Any CPU
		{4E6E66DD-C624-466E-9DF1-64CD7E8A65C0}.Release|Any CPU.ActiveCfg = Release|Any CPU
		{4E6E66DD-C624-466E-9DF1-64CD7E8A65C0}.Release|Any CPU.Build.0 = Release|Any CPU
		{2537C6F4-8115-4ECF-816B-0D00207163E5}.Debug|Any CPU.ActiveCfg = Debug|Any CPU
		{2537C6F4-8115-4ECF-816B-0D00207163E5}.Debug|Any CPU.Build.0 = Debug|Any CPU
		{2537C6F4-8115-4ECF-816B-0D00207163E5}.Release|Any CPU.ActiveCfg = Release|Any CPU
		{2537C6F4-8115-4ECF-816B-0D00207163E5}.Release|Any CPU.Build.0 = Release|Any CPU
		{2C3954CF-EB27-45CA-8A22-5A44497BEC36}.Debug|Any CPU.ActiveCfg = Debug|Any CPU
		{2C3954CF-EB27-45CA-8A22-5A44497BEC36}.Debug|Any CPU.Build.0 = Debug|Any CPU
		{2C3954CF-EB27-45CA-8A22-5A44497BEC36}.Release|Any CPU.ActiveCfg = Release|Any CPU
		{2C3954CF-EB27-45CA-8A22-5A44497BEC36}.Release|Any CPU.Build.0 = Release|Any CPU
		{5252D6C7-6BAF-4FE0-A557-47600A853666}.Debug|Any CPU.ActiveCfg = Debug|Any CPU
		{5252D6C7-6BAF-4FE0-A557-47600A853666}.Debug|Any CPU.Build.0 = Debug|Any CPU
		{5252D6C7-6BAF-4FE0-A557-47600A853666}.Release|Any CPU.ActiveCfg = Release|Any CPU
		{5252D6C7-6BAF-4FE0-A557-47600A853666}.Release|Any CPU.Build.0 = Release|Any CPU
		{E304E012-54C3-464A-ABEB-87830DF2C592}.Debug|Any CPU.ActiveCfg = Debug|Any CPU
		{E304E012-54C3-464A-ABEB-87830DF2C592}.Debug|Any CPU.Build.0 = Debug|Any CPU
		{E304E012-54C3-464A-ABEB-87830DF2C592}.Release|Any CPU.ActiveCfg = Release|Any CPU
		{E304E012-54C3-464A-ABEB-87830DF2C592}.Release|Any CPU.Build.0 = Release|Any CPU
		{6FD4A6FE-9A38-45A5-8CD6-DD770D872BE7}.Debug|Any CPU.ActiveCfg = Debug|Any CPU
		{6FD4A6FE-9A38-45A5-8CD6-DD770D872BE7}.Debug|Any CPU.Build.0 = Debug|Any CPU
		{6FD4A6FE-9A38-45A5-8CD6-DD770D872BE7}.Release|Any CPU.ActiveCfg = Release|Any CPU
		{6FD4A6FE-9A38-45A5-8CD6-DD770D872BE7}.Release|Any CPU.Build.0 = Release|Any CPU
		{D452CBD5-7967-4A3B-ADD9-77BD37622337}.Debug|Any CPU.ActiveCfg = Debug|Any CPU
		{D452CBD5-7967-4A3B-ADD9-77BD37622337}.Debug|Any CPU.Build.0 = Debug|Any CPU
		{D452CBD5-7967-4A3B-ADD9-77BD37622337}.Release|Any CPU.ActiveCfg = Release|Any CPU
		{D452CBD5-7967-4A3B-ADD9-77BD37622337}.Release|Any CPU.Build.0 = Release|Any CPU
		{436A9AFE-8F2B-4239-935B-72F550137E25}.Debug|Any CPU.ActiveCfg = Debug|Any CPU
		{436A9AFE-8F2B-4239-935B-72F550137E25}.Debug|Any CPU.Build.0 = Debug|Any CPU
		{436A9AFE-8F2B-4239-935B-72F550137E25}.Release|Any CPU.ActiveCfg = Release|Any CPU
		{436A9AFE-8F2B-4239-935B-72F550137E25}.Release|Any CPU.Build.0 = Release|Any CPU
		{3782C56D-060E-4D7B-80E7-33A1A4FA1314}.Debug|Any CPU.ActiveCfg = Debug|Any CPU
		{3782C56D-060E-4D7B-80E7-33A1A4FA1314}.Debug|Any CPU.Build.0 = Debug|Any CPU
		{3782C56D-060E-4D7B-80E7-33A1A4FA1314}.Release|Any CPU.ActiveCfg = Release|Any CPU
		{3782C56D-060E-4D7B-80E7-33A1A4FA1314}.Release|Any CPU.Build.0 = Release|Any CPU
		{DDF1E6CB-AF6A-4745-B914-E6A39C4A2666}.Debug|Any CPU.ActiveCfg = Debug|Any CPU
		{DDF1E6CB-AF6A-4745-B914-E6A39C4A2666}.Debug|Any CPU.Build.0 = Debug|Any CPU
		{DDF1E6CB-AF6A-4745-B914-E6A39C4A2666}.Release|Any CPU.ActiveCfg = Release|Any CPU
		{DDF1E6CB-AF6A-4745-B914-E6A39C4A2666}.Release|Any CPU.Build.0 = Release|Any CPU
		{7DA81A66-1513-40F0-B894-32D092EC3DB0}.Debug|Any CPU.ActiveCfg = Debug|Any CPU
		{7DA81A66-1513-40F0-B894-32D092EC3DB0}.Debug|Any CPU.Build.0 = Debug|Any CPU
		{7DA81A66-1513-40F0-B894-32D092EC3DB0}.Release|Any CPU.ActiveCfg = Release|Any CPU
		{7DA81A66-1513-40F0-B894-32D092EC3DB0}.Release|Any CPU.Build.0 = Release|Any CPU
		{A7B2C667-D0C8-4161-A665-1801D672B508}.Debug|Any CPU.ActiveCfg = Debug|Any CPU
		{A7B2C667-D0C8-4161-A665-1801D672B508}.Debug|Any CPU.Build.0 = Debug|Any CPU
		{A7B2C667-D0C8-4161-A665-1801D672B508}.Release|Any CPU.ActiveCfg = Release|Any CPU
		{A7B2C667-D0C8-4161-A665-1801D672B508}.Release|Any CPU.Build.0 = Release|Any CPU
		{6E68F314-C3DA-4BDB-AD77-42EE2638CA9F}.Debug|Any CPU.ActiveCfg = Debug|Any CPU
		{6E68F314-C3DA-4BDB-AD77-42EE2638CA9F}.Debug|Any CPU.Build.0 = Debug|Any CPU
		{6E68F314-C3DA-4BDB-AD77-42EE2638CA9F}.Release|Any CPU.ActiveCfg = Release|Any CPU
		{6E68F314-C3DA-4BDB-AD77-42EE2638CA9F}.Release|Any CPU.Build.0 = Release|Any CPU
	EndGlobalSection
	GlobalSection(SolutionProperties) = preSolution
		HideSolutionNode = FALSE
	EndGlobalSection
	GlobalSection(NestedProjects) = preSolution
		{D966F02F-CDCB-4D3E-A2DC-98097D5AEAB3} = {B6059425-BCF6-468D-BAF2-450E3E6D6C43}
		{6D45524F-F1FA-4A6C-B935-DA94F3B4776A} = {B6059425-BCF6-468D-BAF2-450E3E6D6C43}
		{F3846CBF-736F-44AC-B8AC-5638C3B02F7C} = {B6059425-BCF6-468D-BAF2-450E3E6D6C43}
		{1D530EBA-8AFD-4DC3-A4E2-D2D5A1C98F2E} = {B6059425-BCF6-468D-BAF2-450E3E6D6C43}
		{3A138774-9DA3-40E3-8DA3-50620F0FD310} = {B30AF865-7C21-4323-B7E5-14762C5B1DC0}
		{A32A854C-3D91-4643-8B44-D6E4B92CCBF5} = {B30AF865-7C21-4323-B7E5-14762C5B1DC0}
		{EC20EE58-ED90-419E-84E7-8D298B59CE79} = {7B457C82-AEA6-49F3-8F9F-A7F0798166FF}
		{0E68D499-C546-42A7-BFF7-9585002DA3A7} = {7B457C82-AEA6-49F3-8F9F-A7F0798166FF}
		{0DBE85CF-FC71-4DE1-B026-3BCB2E814C06} = {7B457C82-AEA6-49F3-8F9F-A7F0798166FF}
		{4CD10263-BF18-4365-9C0E-C0AE520137B0} = {7B457C82-AEA6-49F3-8F9F-A7F0798166FF}
		{A5B8C7EE-02B2-457A-980D-43A8959AC285} = {7B457C82-AEA6-49F3-8F9F-A7F0798166FF}
		{4E6E66DD-C624-466E-9DF1-64CD7E8A65C0} = {7B457C82-AEA6-49F3-8F9F-A7F0798166FF}
		{2537C6F4-8115-4ECF-816B-0D00207163E5} = {7B457C82-AEA6-49F3-8F9F-A7F0798166FF}
		{BCDCAD31-2BB6-4BE4-8875-FCE69A30D87D} = {49EAB969-487E-44FD-85B1-041D4836A8DC}
		{2C3954CF-EB27-45CA-8A22-5A44497BEC36} = {49EAB969-487E-44FD-85B1-041D4836A8DC}
		{5252D6C7-6BAF-4FE0-A557-47600A853666} = {7B457C82-AEA6-49F3-8F9F-A7F0798166FF}
		{E304E012-54C3-464A-ABEB-87830DF2C592} = {7B457C82-AEA6-49F3-8F9F-A7F0798166FF}
		{6FD4A6FE-9A38-45A5-8CD6-DD770D872BE7} = {49EAB969-487E-44FD-85B1-041D4836A8DC}
		{D452CBD5-7967-4A3B-ADD9-77BD37622337} = {B6059425-BCF6-468D-BAF2-450E3E6D6C43}
		{436A9AFE-8F2B-4239-935B-72F550137E25} = {7B457C82-AEA6-49F3-8F9F-A7F0798166FF}
		{3782C56D-060E-4D7B-80E7-33A1A4FA1314} = {7B457C82-AEA6-49F3-8F9F-A7F0798166FF}
		{DDF1E6CB-AF6A-4745-B914-E6A39C4A2666} = {7B457C82-AEA6-49F3-8F9F-A7F0798166FF}
		{7DA81A66-1513-40F0-B894-32D092EC3DB0} = {32D5033E-6D95-4045-9B90-E8EE7A0644CC}
		{A7B2C667-D0C8-4161-A665-1801D672B508} = {32D5033E-6D95-4045-9B90-E8EE7A0644CC}
		{6E68F314-C3DA-4BDB-AD77-42EE2638CA9F} = {32D5033E-6D95-4045-9B90-E8EE7A0644CC}
	EndGlobalSection
	GlobalSection(ExtensibilityGlobals) = postSolution
		SolutionGuid = {E4A63A58-F64E-4EB2-92DD-70486490D8CE}
	EndGlobalSection
EndGlobal
