
Microsoft Visual Studio Solution File, Format Version 12.00
# Visual Studio Version 16
VisualStudioVersion = 16.0.30406.217
MinimumVisualStudioVersion = 10.0.40219.1
Project("{9A19103F-16F7-4668-BE54-9A1E7A4F7556}") = "TokanPages", "TokanPages\TokanPages.csproj", "{2C048600-41A0-40FC-B19C-80FF36236EA3}"
EndProject
Project("{FAE04EC0-301F-11D3-BF4B-00C04F79EFBC}") = "TokanPages.Backend.Core", "TokanPages.Backend.Core\TokanPages.Backend.Core.csproj", "{D293190A-A708-4E40-BB8C-1FB9547D1831}"
EndProject
Project("{FAE04EC0-301F-11D3-BF4B-00C04F79EFBC}") = "TokanPages.Backend.Cqrs", "TokanPages.Backend.Cqrs\TokanPages.Backend.Cqrs.csproj", "{DF9F9C18-287E-4C61-BC48-E37D8CE97A81}"
EndProject
Project("{FAE04EC0-301F-11D3-BF4B-00C04F79EFBC}") = "TokanPages.Backend.Database", "TokanPages.Backend.Database\TokanPages.Backend.Database.csproj", "{3131FF0F-6B39-49A0-9795-06BC2618AB74}"
EndProject
Project("{FAE04EC0-301F-11D3-BF4B-00C04F79EFBC}") = "TokanPages.Backend.Domain", "TokanPages.Backend.Domain\TokanPages.Backend.Domain.csproj", "{9821E2E5-39E6-4D0D-B4B0-AFCA1A1A9C94}"
EndProject
Project("{FAE04EC0-301F-11D3-BF4B-00C04F79EFBC}") = "TokanPages.Backend.Shared", "TokanPages.Backend.Shared\TokanPages.Backend.Shared.csproj", "{F011B7C1-C1DC-4316-BAC2-561AE8DEDE98}"
EndProject
Project("{FAE04EC0-301F-11D3-BF4B-00C04F79EFBC}") = "TokanPages.Backend.SmtpClient", "TokanPages.Backend.SmtpClient\TokanPages.Backend.SmtpClient.csproj", "{32AD9C13-D594-484E-939E-B92F48039D59}"
EndProject
Project("{FAE04EC0-301F-11D3-BF4B-00C04F79EFBC}") = "TokanPages.Backend.Storage", "TokanPages.Backend.Storage\TokanPages.Backend.Storage.csproj", "{C1C4F366-A102-4C2E-924A-8BE55F4156E2}"
EndProject
Project("{FAE04EC0-301F-11D3-BF4B-00C04F79EFBC}") = "TokanPages.Tests.DataProviders", "TokanPages.Tests.DataProviders\TokanPages.Tests.DataProviders.csproj", "{0A3D6642-356E-449F-A2B2-0481CBD50358}"
EndProject
Project("{FAE04EC0-301F-11D3-BF4B-00C04F79EFBC}") = "TokanPages.Tests.IntegrationTests", "TokanPages.Tests.IntegrationTests\TokanPages.Tests.IntegrationTests.csproj", "{6C8C9DBE-0559-4192-8F65-C2C7D827CF0D}"
EndProject
Project("{FAE04EC0-301F-11D3-BF4B-00C04F79EFBC}") = "TokanPages.Tests.UnitTests", "TokanPages.Tests.UnitTests\TokanPages.Tests.UnitTests.csproj", "{33905B97-4E70-473E-8F81-C1EDF9E5C4D3}"
EndProject
Global
	GlobalSection(SolutionConfigurationPlatforms) = preSolution
		Debug|Any CPU = Debug|Any CPU
		Release|Any CPU = Release|Any CPU
	EndGlobalSection
	GlobalSection(ProjectConfigurationPlatforms) = postSolution
		{2C048600-41A0-40FC-B19C-80FF36236EA3}.Debug|Any CPU.ActiveCfg = Debug|Any CPU
		{2C048600-41A0-40FC-B19C-80FF36236EA3}.Debug|Any CPU.Build.0 = Debug|Any CPU
		{2C048600-41A0-40FC-B19C-80FF36236EA3}.Release|Any CPU.ActiveCfg = Release|Any CPU
		{2C048600-41A0-40FC-B19C-80FF36236EA3}.Release|Any CPU.Build.0 = Release|Any CPU
		{D293190A-A708-4E40-BB8C-1FB9547D1831}.Debug|Any CPU.ActiveCfg = Debug|Any CPU
		{D293190A-A708-4E40-BB8C-1FB9547D1831}.Debug|Any CPU.Build.0 = Debug|Any CPU
		{D293190A-A708-4E40-BB8C-1FB9547D1831}.Release|Any CPU.ActiveCfg = Release|Any CPU
		{D293190A-A708-4E40-BB8C-1FB9547D1831}.Release|Any CPU.Build.0 = Release|Any CPU
		{DF9F9C18-287E-4C61-BC48-E37D8CE97A81}.Debug|Any CPU.ActiveCfg = Debug|Any CPU
		{DF9F9C18-287E-4C61-BC48-E37D8CE97A81}.Debug|Any CPU.Build.0 = Debug|Any CPU
		{DF9F9C18-287E-4C61-BC48-E37D8CE97A81}.Release|Any CPU.ActiveCfg = Release|Any CPU
		{DF9F9C18-287E-4C61-BC48-E37D8CE97A81}.Release|Any CPU.Build.0 = Release|Any CPU
		{3131FF0F-6B39-49A0-9795-06BC2618AB74}.Debug|Any CPU.ActiveCfg = Debug|Any CPU
		{3131FF0F-6B39-49A0-9795-06BC2618AB74}.Debug|Any CPU.Build.0 = Debug|Any CPU
		{3131FF0F-6B39-49A0-9795-06BC2618AB74}.Release|Any CPU.ActiveCfg = Release|Any CPU
		{3131FF0F-6B39-49A0-9795-06BC2618AB74}.Release|Any CPU.Build.0 = Release|Any CPU
		{9821E2E5-39E6-4D0D-B4B0-AFCA1A1A9C94}.Debug|Any CPU.ActiveCfg = Debug|Any CPU
		{9821E2E5-39E6-4D0D-B4B0-AFCA1A1A9C94}.Debug|Any CPU.Build.0 = Debug|Any CPU
		{9821E2E5-39E6-4D0D-B4B0-AFCA1A1A9C94}.Release|Any CPU.ActiveCfg = Release|Any CPU
		{9821E2E5-39E6-4D0D-B4B0-AFCA1A1A9C94}.Release|Any CPU.Build.0 = Release|Any CPU
		{F011B7C1-C1DC-4316-BAC2-561AE8DEDE98}.Debug|Any CPU.ActiveCfg = Debug|Any CPU
		{F011B7C1-C1DC-4316-BAC2-561AE8DEDE98}.Debug|Any CPU.Build.0 = Debug|Any CPU
		{F011B7C1-C1DC-4316-BAC2-561AE8DEDE98}.Release|Any CPU.ActiveCfg = Release|Any CPU
		{F011B7C1-C1DC-4316-BAC2-561AE8DEDE98}.Release|Any CPU.Build.0 = Release|Any CPU
		{32AD9C13-D594-484E-939E-B92F48039D59}.Debug|Any CPU.ActiveCfg = Debug|Any CPU
		{32AD9C13-D594-484E-939E-B92F48039D59}.Debug|Any CPU.Build.0 = Debug|Any CPU
		{32AD9C13-D594-484E-939E-B92F48039D59}.Release|Any CPU.ActiveCfg = Release|Any CPU
		{32AD9C13-D594-484E-939E-B92F48039D59}.Release|Any CPU.Build.0 = Release|Any CPU
		{C1C4F366-A102-4C2E-924A-8BE55F4156E2}.Debug|Any CPU.ActiveCfg = Debug|Any CPU
		{C1C4F366-A102-4C2E-924A-8BE55F4156E2}.Debug|Any CPU.Build.0 = Debug|Any CPU
		{C1C4F366-A102-4C2E-924A-8BE55F4156E2}.Release|Any CPU.ActiveCfg = Release|Any CPU
		{C1C4F366-A102-4C2E-924A-8BE55F4156E2}.Release|Any CPU.Build.0 = Release|Any CPU
		{0A3D6642-356E-449F-A2B2-0481CBD50358}.Debug|Any CPU.ActiveCfg = Debug|Any CPU
		{0A3D6642-356E-449F-A2B2-0481CBD50358}.Debug|Any CPU.Build.0 = Debug|Any CPU
		{0A3D6642-356E-449F-A2B2-0481CBD50358}.Release|Any CPU.ActiveCfg = Release|Any CPU
		{0A3D6642-356E-449F-A2B2-0481CBD50358}.Release|Any CPU.Build.0 = Release|Any CPU
		{6C8C9DBE-0559-4192-8F65-C2C7D827CF0D}.Debug|Any CPU.ActiveCfg = Debug|Any CPU
		{6C8C9DBE-0559-4192-8F65-C2C7D827CF0D}.Debug|Any CPU.Build.0 = Debug|Any CPU
		{6C8C9DBE-0559-4192-8F65-C2C7D827CF0D}.Release|Any CPU.ActiveCfg = Release|Any CPU
		{6C8C9DBE-0559-4192-8F65-C2C7D827CF0D}.Release|Any CPU.Build.0 = Release|Any CPU
		{33905B97-4E70-473E-8F81-C1EDF9E5C4D3}.Debug|Any CPU.ActiveCfg = Debug|Any CPU
		{33905B97-4E70-473E-8F81-C1EDF9E5C4D3}.Debug|Any CPU.Build.0 = Debug|Any CPU
		{33905B97-4E70-473E-8F81-C1EDF9E5C4D3}.Release|Any CPU.ActiveCfg = Release|Any CPU
		{33905B97-4E70-473E-8F81-C1EDF9E5C4D3}.Release|Any CPU.Build.0 = Release|Any CPU
	EndGlobalSection
	GlobalSection(SolutionProperties) = preSolution
		HideSolutionNode = FALSE
	EndGlobalSection
	GlobalSection(NestedProjects) = preSolution
	EndGlobalSection
	GlobalSection(ExtensibilityGlobals) = postSolution
		SolutionGuid = {E4A63A58-F64E-4EB2-92DD-70486490D8CE}
	EndGlobalSection
EndGlobal
